
Microsoft Visual Studio Solution File, Format Version 12.00
# Visual Studio Version 17
VisualStudioVersion = 17.5.33424.131
MinimumVisualStudioVersion = 10.0.40219.1
Project("{FAE04EC0-301F-11D3-BF4B-00C04F79EFBC}") = "fq", "fq\fq.csproj", "{D5BD3E45-612C-4814-BAD5-DFDDA10C2682}"
EndProject
Global
	GlobalSection(SolutionConfigurationPlatforms) = preSolution
		Debug|Any CPU = Debug|Any CPU
		Release|Any CPU = Release|Any CPU
	EndGlobalSection
	GlobalSection(ProjectConfigurationPlatforms) = postSolution
		{D5BD3E45-612C-4814-BAD5-DFDDA10C2682}.Debug|Any CPU.ActiveCfg = Debug|Any CPU
		{D5BD3E45-612C-4814-BAD5-DFDDA10C2682}.Debug|Any CPU.Build.0 = Debug|Any CPU
		{D5BD3E45-612C-4814-BAD5-DFDDA10C2682}.Release|Any CPU.ActiveCfg = Release|Any CPU
		{D5BD3E45-612C-4814-BAD5-DFDDA10C2682}.Release|Any CPU.Build.0 = Release|Any CPU
	EndGlobalSection
	GlobalSection(SolutionProperties) = preSolution
		HideSolutionNode = FALSE
	EndGlobalSection
	GlobalSection(ExtensibilityGlobals) = postSolution
		SolutionGuid = {5300D734-2391-4E51-ABB5-1C58D6A50367}
	EndGlobalSection
EndGlobal
